{
  "version": 4,
  "terraform_version": "1.11.1",
  "serial": 5,
  "lineage": "9f7d9a93-9c65-e544-939e-88a51589779c",
  "outputs": {},
  "resources": [
    {
      "module": "module.resource_group",
      "mode": "managed",
      "type": "azurerm_resource_group",
      "name": "himanshu-rg",
      "provider": "provider[\"registry.terraform.io/hashicorp/azurerm\"]",
      "instances": [
        {
          "schema_version": 0,
          "attributes": {
            "id": "/subscriptions/180d2ab6-0ded-4071-b4c9-3ebefd722b58/resourceGroups/himanshutodoapprg",
            "location": "centralindia",
            "managed_by": "",
            "name": "himanshutodoapprg",
            "tags": {},
            "timeouts": null
          },
          "sensitive_attributes": [],
          "private": "eyJlMmJmYjczMC1lY2FhLTExZTYtOGY4OC0zNDM2M2JjN2M0YzAiOnsiY3JlYXRlIjo1NDAwMDAwMDAwMDAwLCJkZWxldGUiOjU0MDAwMDAwMDAwMDAsInJlYWQiOjMwMDAwMDAwMDAwMCwidXBkYXRlIjo1NDAwMDAwMDAwMDAwfX0="
        }
      ]
    },
    {
      "module": "module.virtual_network",
      "mode": "managed",
      "type": "azurerm_virtual_network",
      "name": "himanshutodoappvn",
      "provider": "provider[\"registry.terraform.io/hashicorp/azurerm\"]",
      "instances": [
        {
          "schema_version": 0,
          "attributes": {
            "address_space": [
              "10.0.0.0/16"
            ],
            "bgp_community": "",
            "ddos_protection_plan": [],
            "dns_servers": [],
            "edge_zone": "",
            "encryption": [],
            "flow_timeout_in_minutes": 0,
            "guid": "111fb80b-6fc2-4235-abe0-11b02a1e163e",
            "id": "/subscriptions/180d2ab6-0ded-4071-b4c9-3ebefd722b58/resourceGroups/himanshutodoapprg/providers/Microsoft.Network/virtualNetworks/vnet-himanshutodoapp",
            "ip_address_pool": [],
            "location": "centralindia",
            "name": "vnet-himanshutodoapp",
            "private_endpoint_vnet_policies": "Disabled",
            "resource_group_name": "himanshutodoapprg",
            "subnet": [],
            "tags": null,
            "timeouts": null
          },
          "sensitive_attributes": [],
          "private": "eyJlMmJmYjczMC1lY2FhLTExZTYtOGY4OC0zNDM2M2JjN2M0YzAiOnsiY3JlYXRlIjoxODAwMDAwMDAwMDAwLCJkZWxldGUiOjE4MDAwMDAwMDAwMDAsInJlYWQiOjMwMDAwMDAwMDAwMCwidXBkYXRlIjoxODAwMDAwMDAwMDAwfX0=",
          "dependencies": [
            "module.resource_group.azurerm_resource_group.himanshu-rg"
          ]
        }
      ]
    }
  ],
  "check_results": null
}
